// !$*UTF8*$!
{
	archiveVersion = 1;
	classes = {
	};
	objectVersion = 56;
	objects = {

/* Begin PBXBuildFile section */
		B3587A8B2C19FD310064FF0E /* BookBuddyApp.swift in Sources */ = {isa = PBXBuildFile; fileRef = B3587A8A2C19FD310064FF0E /* BookBuddyApp.swift */; };
		B3587A8D2C19FD310064FF0E /* ContentView.swift in Sources */ = {isa = PBXBuildFile; fileRef = B3587A8C2C19FD310064FF0E /* ContentView.swift */; };
		B3587A8F2C19FD330064FF0E /* Assets.xcassets in Resources */ = {isa = PBXBuildFile; fileRef = B3587A8E2C19FD330064FF0E /* Assets.xcassets */; };
		B3587A922C19FD330064FF0E /* Preview Assets.xcassets in Resources */ = {isa = PBXBuildFile; fileRef = B3587A912C19FD330064FF0E /* Preview Assets.xcassets */; };
		B3587A9C2C1A12790064FF0E /* InProgressView.swift in Sources */ = {isa = PBXBuildFile; fileRef = B3587A9B2C1A12790064FF0E /* InProgressView.swift */; };
		B3587A9E2C1A12880064FF0E /* CompletedView.swift in Sources */ = {isa = PBXBuildFile; fileRef = B3587A9D2C1A12880064FF0E /* CompletedView.swift */; };
		B3587AA12C1A19ED0064FF0E /* OnShelfView.swift in Sources */ = {isa = PBXBuildFile; fileRef = B3587AA02C1A19ED0064FF0E /* OnShelfView.swift */; };
		B3587AA42C1A1D2D0064FF0E /* BookModel.swift in Sources */ = {isa = PBXBuildFile; fileRef = B3587AA32C1A1D2D0064FF0E /* BookModel.swift */; };
		B3587AA62C1A20B80064FF0E /* QuoteModel.swift in Sources */ = {isa = PBXBuildFile; fileRef = B3587AA52C1A20B80064FF0E /* QuoteModel.swift */; };
		B3587AA82C1A20C30064FF0E /* GenreModel.swift in Sources */ = {isa = PBXBuildFile; fileRef = B3587AA72C1A20C30064FF0E /* GenreModel.swift */; };
		B3587AAB2C1A22310064FF0E /* Extension.swift in Sources */ = {isa = PBXBuildFile; fileRef = B3587AAA2C1A22310064FF0E /* Extension.swift */; };
		B3587AAD2C1A223F0064FF0E /* Enums.swift in Sources */ = {isa = PBXBuildFile; fileRef = B3587AAC2C1A223F0064FF0E /* Enums.swift */; };
		B37C09DA2C1B35CC00AFA33D /* EditBookView.swift in Sources */ = {isa = PBXBuildFile; fileRef = B37C09D92C1B35CC00AFA33D /* EditBookView.swift */; };
		B37C09DF2C1B3B7900AFA33D /* BookSample.swift in Sources */ = {isa = PBXBuildFile; fileRef = B37C09DB2C1B3B7900AFA33D /* BookSample.swift */; };
		B37C09E02C1B3B7900AFA33D /* GenreSample.swift in Sources */ = {isa = PBXBuildFile; fileRef = B37C09DC2C1B3B7900AFA33D /* GenreSample.swift */; };
		B37C09E12C1B3B7900AFA33D /* PreviewContainer.swift in Sources */ = {isa = PBXBuildFile; fileRef = B37C09DD2C1B3B7900AFA33D /* PreviewContainer.swift */; };
		B37C09E32C1B446400AFA33D /* RatingsView.swift in Sources */ = {isa = PBXBuildFile; fileRef = B37C09E22C1B446400AFA33D /* RatingsView.swift */; };
		B37DD9FF2C299F84000E183C /* GenresView.swift in Sources */ = {isa = PBXBuildFile; fileRef = B37DD9FE2C299F84000E183C /* GenresView.swift */; };
		B37DDA012C29B28B000E183C /* NewGenreView.swift in Sources */ = {isa = PBXBuildFile; fileRef = B37DDA002C29B28B000E183C /* NewGenreView.swift */; };
		B388C1F52C2842AB00FA1ED3 /* QuoteView.swift in Sources */ = {isa = PBXBuildFile; fileRef = B388C1F42C2842AB00FA1ED3 /* QuoteView.swift */; };
		B3AA56B72C1AAF9C00140903 /* NewBookView.swift in Sources */ = {isa = PBXBuildFile; fileRef = B3AA56B62C1AAF9C00140903 /* NewBookView.swift */; };
		B3AA56BB2C1ABDC500140903 /* BookListView.swift in Sources */ = {isa = PBXBuildFile; fileRef = B3AA56BA2C1ABDC500140903 /* BookListView.swift */; };
		B3B18B532C29F2A2004D9587 /* GenreStackView.swift in Sources */ = {isa = PBXBuildFile; fileRef = B3B18B522C29F2A2004D9587 /* GenreStackView.swift */; };
/* End PBXBuildFile section */

/* Begin PBXFileReference section */
		B3587A872C19FD310064FF0E /* BookBuddy.app */ = {isa = PBXFileReference; explicitFileType = wrapper.application; includeInIndex = 0; path = BookBuddy.app; sourceTree = BUILT_PRODUCTS_DIR; };
		B3587A8A2C19FD310064FF0E /* BookBuddyApp.swift */ = {isa = PBXFileReference; lastKnownFileType = sourcecode.swift; path = BookBuddyApp.swift; sourceTree = "<group>"; };
		B3587A8C2C19FD310064FF0E /* ContentView.swift */ = {isa = PBXFileReference; lastKnownFileType = sourcecode.swift; path = ContentView.swift; sourceTree = "<group>"; };
		B3587A8E2C19FD330064FF0E /* Assets.xcassets */ = {isa = PBXFileReference; lastKnownFileType = folder.assetcatalog; path = Assets.xcassets; sourceTree = "<group>"; };
		B3587A912C19FD330064FF0E /* Preview Assets.xcassets */ = {isa = PBXFileReference; lastKnownFileType = folder.assetcatalog; path = "Preview Assets.xcassets"; sourceTree = "<group>"; };
		B3587A9B2C1A12790064FF0E /* InProgressView.swift */ = {isa = PBXFileReference; lastKnownFileType = sourcecode.swift; path = InProgressView.swift; sourceTree = "<group>"; };
		B3587A9D2C1A12880064FF0E /* CompletedView.swift */ = {isa = PBXFileReference; lastKnownFileType = sourcecode.swift; path = CompletedView.swift; sourceTree = "<group>"; };
		B3587AA02C1A19ED0064FF0E /* OnShelfView.swift */ = {isa = PBXFileReference; lastKnownFileType = sourcecode.swift; path = OnShelfView.swift; sourceTree = "<group>"; };
		B3587AA32C1A1D2D0064FF0E /* BookModel.swift */ = {isa = PBXFileReference; lastKnownFileType = sourcecode.swift; path = BookModel.swift; sourceTree = "<group>"; };
		B3587AA52C1A20B80064FF0E /* QuoteModel.swift */ = {isa = PBXFileReference; lastKnownFileType = sourcecode.swift; path = QuoteModel.swift; sourceTree = "<group>"; };
		B3587AA72C1A20C30064FF0E /* GenreModel.swift */ = {isa = PBXFileReference; lastKnownFileType = sourcecode.swift; path = GenreModel.swift; sourceTree = "<group>"; };
		B3587AAA2C1A22310064FF0E /* Extension.swift */ = {isa = PBXFileReference; lastKnownFileType = sourcecode.swift; path = Extension.swift; sourceTree = "<group>"; };
		B3587AAC2C1A223F0064FF0E /* Enums.swift */ = {isa = PBXFileReference; lastKnownFileType = sourcecode.swift; path = Enums.swift; sourceTree = "<group>"; };
		B37C09D92C1B35CC00AFA33D /* EditBookView.swift */ = {isa = PBXFileReference; lastKnownFileType = sourcecode.swift; path = EditBookView.swift; sourceTree = "<group>"; };
		B37C09DB2C1B3B7900AFA33D /* BookSample.swift */ = {isa = PBXFileReference; fileEncoding = 4; lastKnownFileType = sourcecode.swift; path = BookSample.swift; sourceTree = "<group>"; };
		B37C09DC2C1B3B7900AFA33D /* GenreSample.swift */ = {isa = PBXFileReference; fileEncoding = 4; lastKnownFileType = sourcecode.swift; path = GenreSample.swift; sourceTree = "<group>"; };
		B37C09DD2C1B3B7900AFA33D /* PreviewContainer.swift */ = {isa = PBXFileReference; fileEncoding = 4; lastKnownFileType = sourcecode.swift; path = PreviewContainer.swift; sourceTree = "<group>"; };
		B37C09E22C1B446400AFA33D /* RatingsView.swift */ = {isa = PBXFileReference; fileEncoding = 4; lastKnownFileType = sourcecode.swift; path = RatingsView.swift; sourceTree = "<group>"; };
		B37DD9FE2C299F84000E183C /* GenresView.swift */ = {isa = PBXFileReference; lastKnownFileType = sourcecode.swift; path = GenresView.swift; sourceTree = "<group>"; };
		B37DDA002C29B28B000E183C /* NewGenreView.swift */ = {isa = PBXFileReference; lastKnownFileType = sourcecode.swift; path = NewGenreView.swift; sourceTree = "<group>"; };
		B388C1F42C2842AB00FA1ED3 /* QuoteView.swift */ = {isa = PBXFileReference; lastKnownFileType = sourcecode.swift; path = QuoteView.swift; sourceTree = "<group>"; };
		B3AA56B62C1AAF9C00140903 /* NewBookView.swift */ = {isa = PBXFileReference; lastKnownFileType = sourcecode.swift; path = NewBookView.swift; sourceTree = "<group>"; };
		B3AA56BA2C1ABDC500140903 /* BookListView.swift */ = {isa = PBXFileReference; lastKnownFileType = sourcecode.swift; path = BookListView.swift; sourceTree = "<group>"; };
		B3B18B522C29F2A2004D9587 /* GenreStackView.swift */ = {isa = PBXFileReference; lastKnownFileType = sourcecode.swift; path = GenreStackView.swift; sourceTree = "<group>"; };
/* End PBXFileReference section */

/* Begin PBXFrameworksBuildPhase section */
		B3587A842C19FD310064FF0E /* Frameworks */ = {
			isa = PBXFrameworksBuildPhase;
			buildActionMask = 2147483647;
			files = (
			);
			runOnlyForDeploymentPostprocessing = 0;
		};
/* End PBXFrameworksBuildPhase section */

/* Begin PBXGroup section */
		B3587A7E2C19FD310064FF0E = {
			isa = PBXGroup;
			children = (
				B3587A892C19FD310064FF0E /* BookBuddy */,
				B3587A882C19FD310064FF0E /* Products */,
			);
			sourceTree = "<group>";
		};
		B3587A882C19FD310064FF0E /* Products */ = {
			isa = PBXGroup;
			children = (
				B3587A872C19FD310064FF0E /* BookBuddy.app */,
			);
			name = Products;
			sourceTree = "<group>";
		};
		B3587A892C19FD310064FF0E /* BookBuddy */ = {
			isa = PBXGroup;
			children = (
				B3587A9F2C1A12930064FF0E /* App */,
				B3587A982C1A125D0064FF0E /* View */,
				B3587AA22C1A1D150064FF0E /* Model */,
				B3587AA92C1A221F0064FF0E /* Utilities */,
				B3587A8E2C19FD330064FF0E /* Assets.xcassets */,
				B3587A902C19FD330064FF0E /* Preview Content */,
			);
			path = BookBuddy;
			sourceTree = "<group>";
		};
		B3587A902C19FD330064FF0E /* Preview Content */ = {
			isa = PBXGroup;
			children = (
				B37C09DE2C1B3B7900AFA33D /* Samples */,
				B3587A912C19FD330064FF0E /* Preview Assets.xcassets */,
			);
			path = "Preview Content";
			sourceTree = "<group>";
		};
		B3587A982C1A125D0064FF0E /* View */ = {
			isa = PBXGroup;
			children = (
				B3B18B4F2C29EAB4004D9587 /* TabView */,
				B3B18B502C29EB01004D9587 /* ViewComponent */,
				B3B18B512C29EB12004D9587 /* NavDestionatinView */,
				B3B18B4E2C29EA9A004D9587 /* Quote */,
				B37DD9FD2C299F66000E183C /* Genre */,
			);
			path = View;
			sourceTree = "<group>";
		};
		B3587A9F2C1A12930064FF0E /* App */ = {
			isa = PBXGroup;
			children = (
				B3587A8A2C19FD310064FF0E /* BookBuddyApp.swift */,
				B3587A8C2C19FD310064FF0E /* ContentView.swift */,
			);
			path = App;
			sourceTree = "<group>";
		};
		B3587AA22C1A1D150064FF0E /* Model */ = {
			isa = PBXGroup;
			children = (
				B3587AA32C1A1D2D0064FF0E /* BookModel.swift */,
				B3587AA52C1A20B80064FF0E /* QuoteModel.swift */,
				B3587AA72C1A20C30064FF0E /* GenreModel.swift */,
			);
			path = Model;
			sourceTree = "<group>";
		};
		B3587AA92C1A221F0064FF0E /* Utilities */ = {
			isa = PBXGroup;
			children = (
				B37C09E22C1B446400AFA33D /* RatingsView.swift */,
				B3587AAA2C1A22310064FF0E /* Extension.swift */,
				B3587AAC2C1A223F0064FF0E /* Enums.swift */,
			);
			path = Utilities;
			sourceTree = "<group>";
		};
		B37C09DE2C1B3B7900AFA33D /* Samples */ = {
			isa = PBXGroup;
			children = (
				B37C09DB2C1B3B7900AFA33D /* BookSample.swift */,
				B37C09DC2C1B3B7900AFA33D /* GenreSample.swift */,
				B37C09DD2C1B3B7900AFA33D /* PreviewContainer.swift */,
			);
			path = Samples;
			sourceTree = "<group>";
		};
		B37DD9FD2C299F66000E183C /* Genre */ = {
			isa = PBXGroup;
			children = (
				B37DD9FE2C299F84000E183C /* GenresView.swift */,
				B37DDA002C29B28B000E183C /* NewGenreView.swift */,
				B3B18B522C29F2A2004D9587 /* GenreStackView.swift */,
			);
			path = Genre;
			sourceTree = "<group>";
		};
		B3B18B4E2C29EA9A004D9587 /* Quote */ = {
			isa = PBXGroup;
			children = (
				B388C1F42C2842AB00FA1ED3 /* QuoteView.swift */,
			);
			path = Quote;
			sourceTree = "<group>";
		};
		B3B18B4F2C29EAB4004D9587 /* TabView */ = {
			isa = PBXGroup;
			children = (
				B3587AA02C1A19ED0064FF0E /* OnShelfView.swift */,
				B3587A9B2C1A12790064FF0E /* InProgressView.swift */,
				B3587A9D2C1A12880064FF0E /* CompletedView.swift */,
			);
			path = TabView;
			sourceTree = "<group>";
		};
		B3B18B502C29EB01004D9587 /* ViewComponent */ = {
			isa = PBXGroup;
			children = (
				B3AA56BA2C1ABDC500140903 /* BookListView.swift */,
			);
			path = ViewComponent;
			sourceTree = "<group>";
		};
		B3B18B512C29EB12004D9587 /* NavDestionatinView */ = {
			isa = PBXGroup;
			children = (
				B3AA56B62C1AAF9C00140903 /* NewBookView.swift */,
				B37C09D92C1B35CC00AFA33D /* EditBookView.swift */,
			);
			path = NavDestionatinView;
			sourceTree = "<group>";
		};
/* End PBXGroup section */

/* Begin PBXNativeTarget section */
		B3587A862C19FD310064FF0E /* BookBuddy */ = {
			isa = PBXNativeTarget;
			buildConfigurationList = B3587A952C19FD330064FF0E /* Build configuration list for PBXNativeTarget "BookBuddy" */;
			buildPhases = (
				B3587A832C19FD310064FF0E /* Sources */,
				B3587A842C19FD310064FF0E /* Frameworks */,
				B3587A852C19FD310064FF0E /* Resources */,
			);
			buildRules = (
			);
			dependencies = (
			);
			name = BookBuddy;
			productName = BookBuddy;
			productReference = B3587A872C19FD310064FF0E /* BookBuddy.app */;
			productType = "com.apple.product-type.application";
		};
/* End PBXNativeTarget section */

/* Begin PBXProject section */
		B3587A7F2C19FD310064FF0E /* Project object */ = {
			isa = PBXProject;
			attributes = {
				BuildIndependentTargetsInParallel = 1;
				LastSwiftUpdateCheck = 1540;
				LastUpgradeCheck = 1540;
				TargetAttributes = {
					B3587A862C19FD310064FF0E = {
						CreatedOnToolsVersion = 15.4;
					};
				};
			};
			buildConfigurationList = B3587A822C19FD310064FF0E /* Build configuration list for PBXProject "BookBuddy" */;
			compatibilityVersion = "Xcode 14.0";
			developmentRegion = en;
			hasScannedForEncodings = 0;
			knownRegions = (
				en,
				Base,
			);
			mainGroup = B3587A7E2C19FD310064FF0E;
			productRefGroup = B3587A882C19FD310064FF0E /* Products */;
			projectDirPath = "";
			projectRoot = "";
			targets = (
				B3587A862C19FD310064FF0E /* BookBuddy */,
			);
		};
/* End PBXProject section */

/* Begin PBXResourcesBuildPhase section */
		B3587A852C19FD310064FF0E /* Resources */ = {
			isa = PBXResourcesBuildPhase;
			buildActionMask = 2147483647;
			files = (
				B3587A922C19FD330064FF0E /* Preview Assets.xcassets in Resources */,
				B3587A8F2C19FD330064FF0E /* Assets.xcassets in Resources */,
			);
			runOnlyForDeploymentPostprocessing = 0;
		};
/* End PBXResourcesBuildPhase section */

/* Begin PBXSourcesBuildPhase section */
		B3587A832C19FD310064FF0E /* Sources */ = {
			isa = PBXSourcesBuildPhase;
			buildActionMask = 2147483647;
			files = (
				B37C09E12C1B3B7900AFA33D /* PreviewContainer.swift in Sources */,
				B37C09E02C1B3B7900AFA33D /* GenreSample.swift in Sources */,
				B3B18B532C29F2A2004D9587 /* GenreStackView.swift in Sources */,
				B3587AA12C1A19ED0064FF0E /* OnShelfView.swift in Sources */,
				B3587A9E2C1A12880064FF0E /* CompletedView.swift in Sources */,
				B388C1F52C2842AB00FA1ED3 /* QuoteView.swift in Sources */,
				B3587AA62C1A20B80064FF0E /* QuoteModel.swift in Sources */,
				B37DD9FF2C299F84000E183C /* GenresView.swift in Sources */,
				B3587AA82C1A20C30064FF0E /* GenreModel.swift in Sources */,
				B3587A8D2C19FD310064FF0E /* ContentView.swift in Sources */,
				B3AA56BB2C1ABDC500140903 /* BookListView.swift in Sources */,
				B37C09DA2C1B35CC00AFA33D /* EditBookView.swift in Sources */,
				B3587AAB2C1A22310064FF0E /* Extension.swift in Sources */,
				B37C09DF2C1B3B7900AFA33D /* BookSample.swift in Sources */,
				B3587A8B2C19FD310064FF0E /* BookBuddyApp.swift in Sources */,
				B3587A9C2C1A12790064FF0E /* InProgressView.swift in Sources */,
				B37C09E32C1B446400AFA33D /* RatingsView.swift in Sources */,
				B3587AA42C1A1D2D0064FF0E /* BookModel.swift in Sources */,
				B37DDA012C29B28B000E183C /* NewGenreView.swift in Sources */,
				B3587AAD2C1A223F0064FF0E /* Enums.swift in Sources */,
				B3AA56B72C1AAF9C00140903 /* NewBookView.swift in Sources */,
			);
			runOnlyForDeploymentPostprocessing = 0;
		};
/* End PBXSourcesBuildPhase section */

/* Begin XCBuildConfiguration section */
		B3587A932C19FD330064FF0E /* Debug */ = {
			isa = XCBuildConfiguration;
			buildSettings = {
				ALWAYS_SEARCH_USER_PATHS = NO;
				ASSETCATALOG_COMPILER_GENERATE_SWIFT_ASSET_SYMBOL_EXTENSIONS = YES;
				CLANG_ANALYZER_NONNULL = YES;
				CLANG_ANALYZER_NUMBER_OBJECT_CONVERSION = YES_AGGRESSIVE;
				CLANG_CXX_LANGUAGE_STANDARD = "gnu++20";
				CLANG_ENABLE_MODULES = YES;
				CLANG_ENABLE_OBJC_ARC = YES;
				CLANG_ENABLE_OBJC_WEAK = YES;
				CLANG_WARN_BLOCK_CAPTURE_AUTORELEASING = YES;
				CLANG_WARN_BOOL_CONVERSION = YES;
				CLANG_WARN_COMMA = YES;
				CLANG_WARN_CONSTANT_CONVERSION = YES;
				CLANG_WARN_DEPRECATED_OBJC_IMPLEMENTATIONS = YES;
				CLANG_WARN_DIRECT_OBJC_ISA_USAGE = YES_ERROR;
				CLANG_WARN_DOCUMENTATION_COMMENTS = YES;
				CLANG_WARN_EMPTY_BODY = YES;
				CLANG_WARN_ENUM_CONVERSION = YES;
				CLANG_WARN_INFINITE_RECURSION = YES;
				CLANG_WARN_INT_CONVERSION = YES;
				CLANG_WARN_NON_LITERAL_NULL_CONVERSION = YES;
				CLANG_WARN_OBJC_IMPLICIT_RETAIN_SELF = YES;
				CLANG_WARN_OBJC_LITERAL_CONVERSION = YES;
				CLANG_WARN_OBJC_ROOT_CLASS = YES_ERROR;
				CLANG_WARN_QUOTED_INCLUDE_IN_FRAMEWORK_HEADER = YES;
				CLANG_WARN_RANGE_LOOP_ANALYSIS = YES;
				CLANG_WARN_STRICT_PROTOTYPES = YES;
				CLANG_WARN_SUSPICIOUS_MOVE = YES;
				CLANG_WARN_UNGUARDED_AVAILABILITY = YES_AGGRESSIVE;
				CLANG_WARN_UNREACHABLE_CODE = YES;
				CLANG_WARN__DUPLICATE_METHOD_MATCH = YES;
				COPY_PHASE_STRIP = NO;
				DEBUG_INFORMATION_FORMAT = dwarf;
				ENABLE_STRICT_OBJC_MSGSEND = YES;
				ENABLE_TESTABILITY = YES;
				ENABLE_USER_SCRIPT_SANDBOXING = YES;
				GCC_C_LANGUAGE_STANDARD = gnu17;
				GCC_DYNAMIC_NO_PIC = NO;
				GCC_NO_COMMON_BLOCKS = YES;
				GCC_OPTIMIZATION_LEVEL = 0;
				GCC_PREPROCESSOR_DEFINITIONS = (
					"DEBUG=1",
					"$(inherited)",
				);
				GCC_WARN_64_TO_32_BIT_CONVERSION = YES;
				GCC_WARN_ABOUT_RETURN_TYPE = YES_ERROR;
				GCC_WARN_UNDECLARED_SELECTOR = YES;
				GCC_WARN_UNINITIALIZED_AUTOS = YES_AGGRESSIVE;
				GCC_WARN_UNUSED_FUNCTION = YES;
				GCC_WARN_UNUSED_VARIABLE = YES;
				IPHONEOS_DEPLOYMENT_TARGET = 17.5;
				LOCALIZATION_PREFERS_STRING_CATALOGS = YES;
				MTL_ENABLE_DEBUG_INFO = INCLUDE_SOURCE;
				MTL_FAST_MATH = YES;
				ONLY_ACTIVE_ARCH = YES;
				SDKROOT = iphoneos;
				SWIFT_ACTIVE_COMPILATION_CONDITIONS = "DEBUG $(inherited)";
				SWIFT_OPTIMIZATION_LEVEL = "-Onone";
			};
			name = Debug;
		};
		B3587A942C19FD330064FF0E /* Release */ = {
			isa = XCBuildConfiguration;
			buildSettings = {
				ALWAYS_SEARCH_USER_PATHS = NO;
				ASSETCATALOG_COMPILER_GENERATE_SWIFT_ASSET_SYMBOL_EXTENSIONS = YES;
				CLANG_ANALYZER_NONNULL = YES;
				CLANG_ANALYZER_NUMBER_OBJECT_CONVERSION = YES_AGGRESSIVE;
				CLANG_CXX_LANGUAGE_STANDARD = "gnu++20";
				CLANG_ENABLE_MODULES = YES;
				CLANG_ENABLE_OBJC_ARC = YES;
				CLANG_ENABLE_OBJC_WEAK = YES;
				CLANG_WARN_BLOCK_CAPTURE_AUTORELEASING = YES;
				CLANG_WARN_BOOL_CONVERSION = YES;
				CLANG_WARN_COMMA = YES;
				CLANG_WARN_CONSTANT_CONVERSION = YES;
				CLANG_WARN_DEPRECATED_OBJC_IMPLEMENTATIONS = YES;
				CLANG_WARN_DIRECT_OBJC_ISA_USAGE = YES_ERROR;
				CLANG_WARN_DOCUMENTATION_COMMENTS = YES;
				CLANG_WARN_EMPTY_BODY = YES;
				CLANG_WARN_ENUM_CONVERSION = YES;
				CLANG_WARN_INFINITE_RECURSION = YES;
				CLANG_WARN_INT_CONVERSION = YES;
				CLANG_WARN_NON_LITERAL_NULL_CONVERSION = YES;
				CLANG_WARN_OBJC_IMPLICIT_RETAIN_SELF = YES;
				CLANG_WARN_OBJC_LITERAL_CONVERSION = YES;
				CLANG_WARN_OBJC_ROOT_CLASS = YES_ERROR;
				CLANG_WARN_QUOTED_INCLUDE_IN_FRAMEWORK_HEADER = YES;
				CLANG_WARN_RANGE_LOOP_ANALYSIS = YES;
				CLANG_WARN_STRICT_PROTOTYPES = YES;
				CLANG_WARN_SUSPICIOUS_MOVE = YES;
				CLANG_WARN_UNGUARDED_AVAILABILITY = YES_AGGRESSIVE;
				CLANG_WARN_UNREACHABLE_CODE = YES;
				CLANG_WARN__DUPLICATE_METHOD_MATCH = YES;
				COPY_PHASE_STRIP = NO;
				DEBUG_INFORMATION_FORMAT = "dwarf-with-dsym";
				ENABLE_NS_ASSERTIONS = NO;
				ENABLE_STRICT_OBJC_MSGSEND = YES;
				ENABLE_USER_SCRIPT_SANDBOXING = YES;
				GCC_C_LANGUAGE_STANDARD = gnu17;
				GCC_NO_COMMON_BLOCKS = YES;
				GCC_WARN_64_TO_32_BIT_CONVERSION = YES;
				GCC_WARN_ABOUT_RETURN_TYPE = YES_ERROR;
				GCC_WARN_UNDECLARED_SELECTOR = YES;
				GCC_WARN_UNINITIALIZED_AUTOS = YES_AGGRESSIVE;
				GCC_WARN_UNUSED_FUNCTION = YES;
				GCC_WARN_UNUSED_VARIABLE = YES;
				IPHONEOS_DEPLOYMENT_TARGET = 17.5;
				LOCALIZATION_PREFERS_STRING_CATALOGS = YES;
				MTL_ENABLE_DEBUG_INFO = NO;
				MTL_FAST_MATH = YES;
				SDKROOT = iphoneos;
				SWIFT_COMPILATION_MODE = wholemodule;
				VALIDATE_PRODUCT = YES;
			};
			name = Release;
		};
		B3587A962C19FD330064FF0E /* Debug */ = {
			isa = XCBuildConfiguration;
			buildSettings = {
				ASSETCATALOG_COMPILER_APPICON_NAME = AppIcon;
				ASSETCATALOG_COMPILER_GLOBAL_ACCENT_COLOR_NAME = AccentColor;
				CODE_SIGN_STYLE = Automatic;
				CURRENT_PROJECT_VERSION = 1;
				DEVELOPMENT_ASSET_PATHS = "\"BookBuddy/Preview Content\"";
				DEVELOPMENT_TEAM = 9M2847JBF8;
				ENABLE_PREVIEWS = YES;
				GENERATE_INFOPLIST_FILE = YES;
				INFOPLIST_KEY_UIApplicationSceneManifest_Generation = YES;
				INFOPLIST_KEY_UIApplicationSupportsIndirectInputEvents = YES;
				INFOPLIST_KEY_UILaunchScreen_Generation = YES;
				INFOPLIST_KEY_UISupportedInterfaceOrientations_iPad = "UIInterfaceOrientationPortrait UIInterfaceOrientationPortraitUpsideDown UIInterfaceOrientationLandscapeLeft UIInterfaceOrientationLandscapeRight";
				INFOPLIST_KEY_UISupportedInterfaceOrientations_iPhone = "UIInterfaceOrientationPortrait UIInterfaceOrientationLandscapeLeft UIInterfaceOrientationLandscapeRight";
				LD_RUNPATH_SEARCH_PATHS = (
					"$(inherited)",
					"@executable_path/Frameworks",
				);
				MARKETING_VERSION = 1.0;
				PRODUCT_BUNDLE_IDENTIFIER = "shopnil-hasan.BookBuddy";
				PRODUCT_NAME = "$(TARGET_NAME)";
				SWIFT_EMIT_LOC_STRINGS = YES;
				SWIFT_VERSION = 5.0;
				TARGETED_DEVICE_FAMILY = "1,2";
			};
			name = Debug;
		};
		B3587A972C19FD330064FF0E /* Release */ = {
			isa = XCBuildConfiguration;
			buildSettings = {
				ASSETCATALOG_COMPILER_APPICON_NAME = AppIcon;
				ASSETCATALOG_COMPILER_GLOBAL_ACCENT_COLOR_NAME = AccentColor;
				CODE_SIGN_STYLE = Automatic;
				CURRENT_PROJECT_VERSION = 1;
				DEVELOPMENT_ASSET_PATHS = "\"BookBuddy/Preview Content\"";
				DEVELOPMENT_TEAM = 9M2847JBF8;
				ENABLE_PREVIEWS = YES;
				GENERATE_INFOPLIST_FILE = YES;
				INFOPLIST_KEY_UIApplicationSceneManifest_Generation = YES;
				INFOPLIST_KEY_UIApplicationSupportsIndirectInputEvents = YES;
				INFOPLIST_KEY_UILaunchScreen_Generation = YES;
				INFOPLIST_KEY_UISupportedInterfaceOrientations_iPad = "UIInterfaceOrientationPortrait UIInterfaceOrientationPortraitUpsideDown UIInterfaceOrientationLandscapeLeft UIInterfaceOrientationLandscapeRight";
				INFOPLIST_KEY_UISupportedInterfaceOrientations_iPhone = "UIInterfaceOrientationPortrait UIInterfaceOrientationLandscapeLeft UIInterfaceOrientationLandscapeRight";
				LD_RUNPATH_SEARCH_PATHS = (
					"$(inherited)",
					"@executable_path/Frameworks",
				);
				MARKETING_VERSION = 1.0;
				PRODUCT_BUNDLE_IDENTIFIER = "shopnil-hasan.BookBuddy";
				PRODUCT_NAME = "$(TARGET_NAME)";
				SWIFT_EMIT_LOC_STRINGS = YES;
				SWIFT_VERSION = 5.0;
				TARGETED_DEVICE_FAMILY = "1,2";
			};
			name = Release;
		};
/* End XCBuildConfiguration section */

/* Begin XCConfigurationList section */
		B3587A822C19FD310064FF0E /* Build configuration list for PBXProject "BookBuddy" */ = {
			isa = XCConfigurationList;
			buildConfigurations = (
				B3587A932C19FD330064FF0E /* Debug */,
				B3587A942C19FD330064FF0E /* Release */,
			);
			defaultConfigurationIsVisible = 0;
			defaultConfigurationName = Release;
		};
		B3587A952C19FD330064FF0E /* Build configuration list for PBXNativeTarget "BookBuddy" */ = {
			isa = XCConfigurationList;
			buildConfigurations = (
				B3587A962C19FD330064FF0E /* Debug */,
				B3587A972C19FD330064FF0E /* Release */,
			);
			defaultConfigurationIsVisible = 0;
			defaultConfigurationName = Release;
		};
/* End XCConfigurationList section */
	};
	rootObject = B3587A7F2C19FD310064FF0E /* Project object */;
}
